
Microsoft Visual Studio Solution File, Format Version 12.00
# Visual Studio 2013
VisualStudioVersion = 12.0.31101.0
MinimumVisualStudioVersion = 10.0.40219.1
Project("{FAE04EC0-301F-11D3-BF4B-00C04F79EFBC}") = "CsharpUtilities", "CsharpUtilities\CsharpUtilities.csproj", "{DB1C6AB0-6391-4BAB-B41A-322FC424B921}"
EndProject
Project("{FAE04EC0-301F-11D3-BF4B-00C04F79EFBC}") = "CsharUtilities.Tests", "CsharUtilities.Tests\CsharUtilities.Tests.csproj", "{BCF6FFB6-7A7B-4B22-B956-2C076F79EC59}"
EndProject
Global
	GlobalSection(SolutionConfigurationPlatforms) = preSolution
		Debug|Any CPU = Debug|Any CPU
		Release|Any CPU = Release|Any CPU
	EndGlobalSection
	GlobalSection(ProjectConfigurationPlatforms) = postSolution
		{DB1C6AB0-6391-4BAB-B41A-322FC424B921}.Debug|Any CPU.ActiveCfg = Debug|Any CPU
		{DB1C6AB0-6391-4BAB-B41A-322FC424B921}.Debug|Any CPU.Build.0 = Debug|Any CPU
		{DB1C6AB0-6391-4BAB-B41A-322FC424B921}.Release|Any CPU.ActiveCfg = Release|Any CPU
		{DB1C6AB0-6391-4BAB-B41A-322FC424B921}.Release|Any CPU.Build.0 = Release|Any CPU
		{BCF6FFB6-7A7B-4B22-B956-2C076F79EC59}.Debug|Any CPU.ActiveCfg = Debug|Any CPU
		{BCF6FFB6-7A7B-4B22-B956-2C076F79EC59}.Debug|Any CPU.Build.0 = Debug|Any CPU
		{BCF6FFB6-7A7B-4B22-B956-2C076F79EC59}.Release|Any CPU.ActiveCfg = Release|Any CPU
		{BCF6FFB6-7A7B-4B22-B956-2C076F79EC59}.Release|Any CPU.Build.0 = Release|Any CPU
	EndGlobalSection
	GlobalSection(SolutionProperties) = preSolution
		HideSolutionNode = FALSE
	EndGlobalSection
EndGlobal
